
Microsoft Visual Studio Solution File, Format Version 12.00
# Visual Studio Version 17
VisualStudioVersion = 17.9.34701.34
MinimumVisualStudioVersion = 10.0.40219.1
Project("{FAE04EC0-301F-11D3-BF4B-00C04F79EFBC}") = "BlazorSchedule", "BlazorSchedule.csproj", "{312C01B4-A018-43B5-A405-583F02DD11B3}"
EndProject
Global
	GlobalSection(SolutionConfigurationPlatforms) = preSolution
		Debug|Any CPU = Debug|Any CPU
		Release|Any CPU = Release|Any CPU
	EndGlobalSection
	GlobalSection(ProjectConfigurationPlatforms) = postSolution
		{312C01B4-A018-43B5-A405-583F02DD11B3}.Debug|Any CPU.ActiveCfg = Debug|Any CPU
		{312C01B4-A018-43B5-A405-583F02DD11B3}.Debug|Any CPU.Build.0 = Debug|Any CPU
		{312C01B4-A018-43B5-A405-583F02DD11B3}.Release|Any CPU.ActiveCfg = Release|Any CPU
		{312C01B4-A018-43B5-A405-583F02DD11B3}.Release|Any CPU.Build.0 = Release|Any CPU
	EndGlobalSection
	GlobalSection(SolutionProperties) = preSolution
		HideSolutionNode = FALSE
	EndGlobalSection
	GlobalSection(ExtensibilityGlobals) = postSolution
		SolutionGuid = {C1958153-E1CE-4FDA-9AEC-1DEC93AD5D04}
	EndGlobalSection
EndGlobal
